// !$*UTF8*$!
{
	archiveVersion = 1;
	classes = {
	};
	objectVersion = 56;
	objects = {

/* Begin PBXBuildFile section */
		25ECADBB2AC31F6E00C9F406 /* AppDelegate.swift in Sources */ = {isa = PBXBuildFile; fileRef = 25ECADBA2AC31F6E00C9F406 /* AppDelegate.swift */; };
		25ECADBD2AC31F6E00C9F406 /* SceneDelegate.swift in Sources */ = {isa = PBXBuildFile; fileRef = 25ECADBC2AC31F6E00C9F406 /* SceneDelegate.swift */; };
		25ECADBF2AC31F6E00C9F406 /* ViewController.swift in Sources */ = {isa = PBXBuildFile; fileRef = 25ECADBE2AC31F6E00C9F406 /* ViewController.swift */; };
		25ECADC42AC31F6F00C9F406 /* Assets.xcassets in Resources */ = {isa = PBXBuildFile; fileRef = 25ECADC32AC31F6F00C9F406 /* Assets.xcassets */; };
		25ECADC72AC31F6F00C9F406 /* LaunchScreen.storyboard in Resources */ = {isa = PBXBuildFile; fileRef = 25ECADC52AC31F6F00C9F406 /* LaunchScreen.storyboard */; };
		25ECADD22AC3275100C9F406 /* UIView+.swift in Sources */ = {isa = PBXBuildFile; fileRef = 25ECADCF2AC3275100C9F406 /* UIView+.swift */; };
		25ECADD32AC3275100C9F406 /* UILabel+.swift in Sources */ = {isa = PBXBuildFile; fileRef = 25ECADD02AC3275100C9F406 /* UILabel+.swift */; };
		25ECADD42AC3275100C9F406 /* UIScrollView+.swift in Sources */ = {isa = PBXBuildFile; fileRef = 25ECADD12AC3275100C9F406 /* UIScrollView+.swift */; };
/* End PBXBuildFile section */

/* Begin PBXFileReference section */
		25ECADB72AC31F6E00C9F406 /* PagingViews.app */ = {isa = PBXFileReference; explicitFileType = wrapper.application; includeInIndex = 0; path = PagingViews.app; sourceTree = BUILT_PRODUCTS_DIR; };
		25ECADBA2AC31F6E00C9F406 /* AppDelegate.swift */ = {isa = PBXFileReference; lastKnownFileType = sourcecode.swift; path = AppDelegate.swift; sourceTree = "<group>"; };
		25ECADBC2AC31F6E00C9F406 /* SceneDelegate.swift */ = {isa = PBXFileReference; lastKnownFileType = sourcecode.swift; path = SceneDelegate.swift; sourceTree = "<group>"; };
		25ECADBE2AC31F6E00C9F406 /* ViewController.swift */ = {isa = PBXFileReference; lastKnownFileType = sourcecode.swift; path = ViewController.swift; sourceTree = "<group>"; };
		25ECADC32AC31F6F00C9F406 /* Assets.xcassets */ = {isa = PBXFileReference; lastKnownFileType = folder.assetcatalog; path = Assets.xcassets; sourceTree = "<group>"; };
		25ECADC62AC31F6F00C9F406 /* Base */ = {isa = PBXFileReference; lastKnownFileType = file.storyboard; name = Base; path = Base.lproj/LaunchScreen.storyboard; sourceTree = "<group>"; };
		25ECADC82AC31F6F00C9F406 /* Info.plist */ = {isa = PBXFileReference; lastKnownFileType = text.plist.xml; path = Info.plist; sourceTree = "<group>"; };
		25ECADCF2AC3275100C9F406 /* UIView+.swift */ = {isa = PBXFileReference; fileEncoding = 4; lastKnownFileType = sourcecode.swift; path = "UIView+.swift"; sourceTree = "<group>"; };
		25ECADD02AC3275100C9F406 /* UILabel+.swift */ = {isa = PBXFileReference; fileEncoding = 4; lastKnownFileType = sourcecode.swift; path = "UILabel+.swift"; sourceTree = "<group>"; };
		25ECADD12AC3275100C9F406 /* UIScrollView+.swift */ = {isa = PBXFileReference; fileEncoding = 4; lastKnownFileType = sourcecode.swift; path = "UIScrollView+.swift"; sourceTree = "<group>"; };
/* End PBXFileReference section */

/* Begin PBXFrameworksBuildPhase section */
		25ECADB42AC31F6E00C9F406 /* Frameworks */ = {
			isa = PBXFrameworksBuildPhase;
			buildActionMask = 2147483647;
			files = (
			);
			runOnlyForDeploymentPostprocessing = 0;
		};
/* End PBXFrameworksBuildPhase section */

/* Begin PBXGroup section */
		25ECADAE2AC31F6E00C9F406 = {
			isa = PBXGroup;
			children = (
				25ECADB92AC31F6E00C9F406 /* PagingViews */,
				25ECADB82AC31F6E00C9F406 /* Products */,
			);
			sourceTree = "<group>";
		};
		25ECADB82AC31F6E00C9F406 /* Products */ = {
			isa = PBXGroup;
			children = (
				25ECADB72AC31F6E00C9F406 /* PagingViews.app */,
			);
			name = Products;
			sourceTree = "<group>";
		};
		25ECADB92AC31F6E00C9F406 /* PagingViews */ = {
			isa = PBXGroup;
			children = (
				25ECADCE2AC3275100C9F406 /* Helpers */,
				25ECADBA2AC31F6E00C9F406 /* AppDelegate.swift */,
				25ECADBC2AC31F6E00C9F406 /* SceneDelegate.swift */,
				25ECADBE2AC31F6E00C9F406 /* ViewController.swift */,
				25ECADC32AC31F6F00C9F406 /* Assets.xcassets */,
				25ECADC52AC31F6F00C9F406 /* LaunchScreen.storyboard */,
				25ECADC82AC31F6F00C9F406 /* Info.plist */,
			);
			path = PagingViews;
			sourceTree = "<group>";
		};
		25ECADCE2AC3275100C9F406 /* Helpers */ = {
			isa = PBXGroup;
			children = (
				25ECADCF2AC3275100C9F406 /* UIView+.swift */,
				25ECADD02AC3275100C9F406 /* UILabel+.swift */,
				25ECADD12AC3275100C9F406 /* UIScrollView+.swift */,
			);
			path = Helpers;
			sourceTree = "<group>";
		};
/* End PBXGroup section */

/* Begin PBXNativeTarget section */
		25ECADB62AC31F6E00C9F406 /* PagingViews */ = {
			isa = PBXNativeTarget;
			buildConfigurationList = 25ECADCB2AC31F6F00C9F406 /* Build configuration list for PBXNativeTarget "PagingViews" */;
			buildPhases = (
				25ECADB32AC31F6E00C9F406 /* Sources */,
				25ECADB42AC31F6E00C9F406 /* Frameworks */,
				25ECADB52AC31F6E00C9F406 /* Resources */,
			);
			buildRules = (
			);
			dependencies = (
			);
			name = PagingViews;
			productName = PagingViews;
			productReference = 25ECADB72AC31F6E00C9F406 /* PagingViews.app */;
			productType = "com.apple.product-type.application";
		};
/* End PBXNativeTarget section */

/* Begin PBXProject section */
		25ECADAF2AC31F6E00C9F406 /* Project object */ = {
			isa = PBXProject;
			attributes = {
				BuildIndependentTargetsInParallel = 1;
				LastSwiftUpdateCheck = 1430;
				LastUpgradeCheck = 1430;
				TargetAttributes = {
					25ECADB62AC31F6E00C9F406 = {
						CreatedOnToolsVersion = 14.3;
					};
				};
			};
			buildConfigurationList = 25ECADB22AC31F6E00C9F406 /* Build configuration list for PBXProject "PagingViews" */;
			compatibilityVersion = "Xcode 14.0";
			developmentRegion = en;
			hasScannedForEncodings = 0;
			knownRegions = (
				en,
				Base,
			);
			mainGroup = 25ECADAE2AC31F6E00C9F406;
			productRefGroup = 25ECADB82AC31F6E00C9F406 /* Products */;
			projectDirPath = "";
			projectRoot = "";
			targets = (
				25ECADB62AC31F6E00C9F406 /* PagingViews */,
			);
		};
/* End PBXProject section */

/* Begin PBXResourcesBuildPhase section */
		25ECADB52AC31F6E00C9F406 /* Resources */ = {
			isa = PBXResourcesBuildPhase;
			buildActionMask = 2147483647;
			files = (
				25ECADC72AC31F6F00C9F406 /* LaunchScreen.storyboard in Resources */,
				25ECADC42AC31F6F00C9F406 /* Assets.xcassets in Resources */,
			);
			runOnlyForDeploymentPostprocessing = 0;
		};
/* End PBXResourcesBuildPhase section */

/* Begin PBXSourcesBuildPhase section */
		25ECADB32AC31F6E00C9F406 /* Sources */ = {
			isa = PBXSourcesBuildPhase;
			buildActionMask = 2147483647;
			files = (
				25ECADD22AC3275100C9F406 /* UIView+.swift in Sources */,
				25ECADBF2AC31F6E00C9F406 /* ViewController.swift in Sources */,
				25ECADD32AC3275100C9F406 /* UILabel+.swift in Sources */,
				25ECADD42AC3275100C9F406 /* UIScrollView+.swift in Sources */,
				25ECADBB2AC31F6E00C9F406 /* AppDelegate.swift in Sources */,
				25ECADBD2AC31F6E00C9F406 /* SceneDelegate.swift in Sources */,
			);
			runOnlyForDeploymentPostprocessing = 0;
		};
/* End PBXSourcesBuildPhase section */

/* Begin PBXVariantGroup section */
		25ECADC52AC31F6F00C9F406 /* LaunchScreen.storyboard */ = {
			isa = PBXVariantGroup;
			children = (
				25ECADC62AC31F6F00C9F406 /* Base */,
			);
			name = LaunchScreen.storyboard;
			sourceTree = "<group>";
		};
/* End PBXVariantGroup section */

/* Begin XCBuildConfiguration section */
		25ECADC92AC31F6F00C9F406 /* Debug */ = {
			isa = XCBuildConfiguration;
			buildSettings = {
				ALWAYS_SEARCH_USER_PATHS = NO;
				CLANG_ANALYZER_NONNULL = YES;
				CLANG_ANALYZER_NUMBER_OBJECT_CONVERSION = YES_AGGRESSIVE;
				CLANG_CXX_LANGUAGE_STANDARD = "gnu++20";
				CLANG_ENABLE_MODULES = YES;
				CLANG_ENABLE_OBJC_ARC = YES;
				CLANG_ENABLE_OBJC_WEAK = YES;
				CLANG_WARN_BLOCK_CAPTURE_AUTORELEASING = YES;
				CLANG_WARN_BOOL_CONVERSION = YES;
				CLANG_WARN_COMMA = YES;
				CLANG_WARN_CONSTANT_CONVERSION = YES;
				CLANG_WARN_DEPRECATED_OBJC_IMPLEMENTATIONS = YES;
				CLANG_WARN_DIRECT_OBJC_ISA_USAGE = YES_ERROR;
				CLANG_WARN_DOCUMENTATION_COMMENTS = YES;
				CLANG_WARN_EMPTY_BODY = YES;
				CLANG_WARN_ENUM_CONVERSION = YES;
				CLANG_WARN_INFINITE_RECURSION = YES;
				CLANG_WARN_INT_CONVERSION = YES;
				CLANG_WARN_NON_LITERAL_NULL_CONVERSION = YES;
				CLANG_WARN_OBJC_IMPLICIT_RETAIN_SELF = YES;
				CLANG_WARN_OBJC_LITERAL_CONVERSION = YES;
				CLANG_WARN_OBJC_ROOT_CLASS = YES_ERROR;
				CLANG_WARN_QUOTED_INCLUDE_IN_FRAMEWORK_HEADER = YES;
				CLANG_WARN_RANGE_LOOP_ANALYSIS = YES;
				CLANG_WARN_STRICT_PROTOTYPES = YES;
				CLANG_WARN_SUSPICIOUS_MOVE = YES;
				CLANG_WARN_UNGUARDED_AVAILABILITY = YES_AGGRESSIVE;
				CLANG_WARN_UNREACHABLE_CODE = YES;
				CLANG_WARN__DUPLICATE_METHOD_MATCH = YES;
				COPY_PHASE_STRIP = NO;
				DEBUG_INFORMATION_FORMAT = dwarf;
				ENABLE_STRICT_OBJC_MSGSEND = YES;
				ENABLE_TESTABILITY = YES;
				GCC_C_LANGUAGE_STANDARD = gnu11;
				GCC_DYNAMIC_NO_PIC = NO;
				GCC_NO_COMMON_BLOCKS = YES;
				GCC_OPTIMIZATION_LEVEL = 0;
				GCC_PREPROCESSOR_DEFINITIONS = (
					"DEBUG=1",
					"$(inherited)",
				);
				GCC_WARN_64_TO_32_BIT_CONVERSION = YES;
				GCC_WARN_ABOUT_RETURN_TYPE = YES_ERROR;
				GCC_WARN_UNDECLARED_SELECTOR = YES;
				GCC_WARN_UNINITIALIZED_AUTOS = YES_AGGRESSIVE;
				GCC_WARN_UNUSED_FUNCTION = YES;
				GCC_WARN_UNUSED_VARIABLE = YES;
				IPHONEOS_DEPLOYMENT_TARGET = 16.4;
				MTL_ENABLE_DEBUG_INFO = INCLUDE_SOURCE;
				MTL_FAST_MATH = YES;
				ONLY_ACTIVE_ARCH = YES;
				SDKROOT = iphoneos;
				SWIFT_ACTIVE_COMPILATION_CONDITIONS = DEBUG;
				SWIFT_OPTIMIZATION_LEVEL = "-Onone";
			};
			name = Debug;
		};
		25ECADCA2AC31F6F00C9F406 /* Release */ = {
			isa = XCBuildConfiguration;
			buildSettings = {
				ALWAYS_SEARCH_USER_PATHS = NO;
				CLANG_ANALYZER_NONNULL = YES;
				CLANG_ANALYZER_NUMBER_OBJECT_CONVERSION = YES_AGGRESSIVE;
				CLANG_CXX_LANGUAGE_STANDARD = "gnu++20";
				CLANG_ENABLE_MODULES = YES;
				CLANG_ENABLE_OBJC_ARC = YES;
				CLANG_ENABLE_OBJC_WEAK = YES;
				CLANG_WARN_BLOCK_CAPTURE_AUTORELEASING = YES;
				CLANG_WARN_BOOL_CONVERSION = YES;
				CLANG_WARN_COMMA = YES;
				CLANG_WARN_CONSTANT_CONVERSION = YES;
				CLANG_WARN_DEPRECATED_OBJC_IMPLEMENTATIONS = YES;
				CLANG_WARN_DIRECT_OBJC_ISA_USAGE = YES_ERROR;
				CLANG_WARN_DOCUMENTATION_COMMENTS = YES;
				CLANG_WARN_EMPTY_BODY = YES;
				CLANG_WARN_ENUM_CONVERSION = YES;
				CLANG_WARN_INFINITE_RECURSION = YES;
				CLANG_WARN_INT_CONVERSION = YES;
				CLANG_WARN_NON_LITERAL_NULL_CONVERSION = YES;
				CLANG_WARN_OBJC_IMPLICIT_RETAIN_SELF = YES;
				CLANG_WARN_OBJC_LITERAL_CONVERSION = YES;
				CLANG_WARN_OBJC_ROOT_CLASS = YES_ERROR;
				CLANG_WARN_QUOTED_INCLUDE_IN_FRAMEWORK_HEADER = YES;
				CLANG_WARN_RANGE_LOOP_ANALYSIS = YES;
				CLANG_WARN_STRICT_PROTOTYPES = YES;
				CLANG_WARN_SUSPICIOUS_MOVE = YES;
				CLANG_WARN_UNGUARDED_AVAILABILITY = YES_AGGRESSIVE;
				CLANG_WARN_UNREACHABLE_CODE = YES;
				CLANG_WARN__DUPLICATE_METHOD_MATCH = YES;
				COPY_PHASE_STRIP = NO;
				DEBUG_INFORMATION_FORMAT = "dwarf-with-dsym";
				ENABLE_NS_ASSERTIONS = NO;
				ENABLE_STRICT_OBJC_MSGSEND = YES;
				GCC_C_LANGUAGE_STANDARD = gnu11;
				GCC_NO_COMMON_BLOCKS = YES;
				GCC_WARN_64_TO_32_BIT_CONVERSION = YES;
				GCC_WARN_ABOUT_RETURN_TYPE = YES_ERROR;
				GCC_WARN_UNDECLARED_SELECTOR = YES;
				GCC_WARN_UNINITIALIZED_AUTOS = YES_AGGRESSIVE;
				GCC_WARN_UNUSED_FUNCTION = YES;
				GCC_WARN_UNUSED_VARIABLE = YES;
				IPHONEOS_DEPLOYMENT_TARGET = 16.4;
				MTL_ENABLE_DEBUG_INFO = NO;
				MTL_FAST_MATH = YES;
				SDKROOT = iphoneos;
				SWIFT_COMPILATION_MODE = wholemodule;
				SWIFT_OPTIMIZATION_LEVEL = "-O";
				VALIDATE_PRODUCT = YES;
			};
			name = Release;
		};
		25ECADCC2AC31F6F00C9F406 /* Debug */ = {
			isa = XCBuildConfiguration;
			buildSettings = {
				ASSETCATALOG_COMPILER_APPICON_NAME = AppIcon;
				ASSETCATALOG_COMPILER_GLOBAL_ACCENT_COLOR_NAME = AccentColor;
				CODE_SIGN_STYLE = Automatic;
				CURRENT_PROJECT_VERSION = 1;
				DEVELOPMENT_TEAM = J3XG5W7SR9;
				GENERATE_INFOPLIST_FILE = YES;
				INFOPLIST_FILE = PagingViews/Info.plist;
				INFOPLIST_KEY_UIApplicationSupportsIndirectInputEvents = YES;
				INFOPLIST_KEY_UILaunchStoryboardName = LaunchScreen;
				INFOPLIST_KEY_UISupportedInterfaceOrientations_iPad = "UIInterfaceOrientationPortrait UIInterfaceOrientationPortraitUpsideDown UIInterfaceOrientationLandscapeLeft UIInterfaceOrientationLandscapeRight";
				INFOPLIST_KEY_UISupportedInterfaceOrientations_iPhone = "UIInterfaceOrientationPortrait UIInterfaceOrientationLandscapeLeft UIInterfaceOrientationLandscapeRight";
				LD_RUNPATH_SEARCH_PATHS = (
					"$(inherited)",
					"@executable_path/Frameworks",
				);
				MARKETING_VERSION = 1.0;
				PRODUCT_BUNDLE_IDENTIFIER = com.YiTing.PagingViews;
				PRODUCT_NAME = "$(TARGET_NAME)";
				SWIFT_EMIT_LOC_STRINGS = YES;
				SWIFT_VERSION = 5.0;
				TARGETED_DEVICE_FAMILY = "1,2";
			};
			name = Debug;
		};
		25ECADCD2AC31F6F00C9F406 /* Release */ = {
			isa = XCBuildConfiguration;
			buildSettings = {
				ASSETCATALOG_COMPILER_APPICON_NAME = AppIcon;
				ASSETCATALOG_COMPILER_GLOBAL_ACCENT_COLOR_NAME = AccentColor;
				CODE_SIGN_STYLE = Automatic;
				CURRENT_PROJECT_VERSION = 1;
				DEVELOPMENT_TEAM = J3XG5W7SR9;
				GENERATE_INFOPLIST_FILE = YES;
				INFOPLIST_FILE = PagingViews/Info.plist;
				INFOPLIST_KEY_UIApplicationSupportsIndirectInputEvents = YES;
				INFOPLIST_KEY_UILaunchStoryboardName = LaunchScreen;
				INFOPLIST_KEY_UISupportedInterfaceOrientations_iPad = "UIInterfaceOrientationPortrait UIInterfaceOrientationPortraitUpsideDown UIInterfaceOrientationLandscapeLeft UIInterfaceOrientationLandscapeRight";
				INFOPLIST_KEY_UISupportedInterfaceOrientations_iPhone = "UIInterfaceOrientationPortrait UIInterfaceOrientationLandscapeLeft UIInterfaceOrientationLandscapeRight";
				LD_RUNPATH_SEARCH_PATHS = (
					"$(inherited)",
					"@executable_path/Frameworks",
				);
				MARKETING_VERSION = 1.0;
				PRODUCT_BUNDLE_IDENTIFIER = com.YiTing.PagingViews;
				PRODUCT_NAME = "$(TARGET_NAME)";
				SWIFT_EMIT_LOC_STRINGS = YES;
				SWIFT_VERSION = 5.0;
				TARGETED_DEVICE_FAMILY = "1,2";
			};
			name = Release;
		};
/* End XCBuildConfiguration section */

/* Begin XCConfigurationList section */
		25ECADB22AC31F6E00C9F406 /* Build configuration list for PBXProject "PagingViews" */ = {
			isa = XCConfigurationList;
			buildConfigurations = (
				25ECADC92AC31F6F00C9F406 /* Debug */,
				25ECADCA2AC31F6F00C9F406 /* Release */,
			);
			defaultConfigurationIsVisible = 0;
			defaultConfigurationName = Release;
		};
		25ECADCB2AC31F6F00C9F406 /* Build configuration list for PBXNativeTarget "PagingViews" */ = {
			isa = XCConfigurationList;
			buildConfigurations = (
				25ECADCC2AC31F6F00C9F406 /* Debug */,
				25ECADCD2AC31F6F00C9F406 /* Release */,
			);
			defaultConfigurationIsVisible = 0;
			defaultConfigurationName = Release;
		};
/* End XCConfigurationList section */
	};
	rootObject = 25ECADAF2AC31F6E00C9F406 /* Project object */;
}
